dependencies:
- name: minio
  repository: https://helm.min.io/
  version: 8.0.10
- name: minio-operator
  repository: https://operator.min.io/
  version: 4.0.3
- name: raw
  repository: https://bedag.github.io/helm-charts/
  version: 1.1.0
digest: sha256:ae4e5cbee9382218bf25b139cc2ab5e332298acb88424191964154908e089a2e
generated: "2021-04-01T00:09:15.918608136+02:00"
