dependencies:
- name: minio
  repository: https://helm.min.io/
  version: 8.0.9
- name: minio-operator
  repository: https://operator.min.io/
  version: 4.0.3
- name: raw
  repository: https://bedag.github.io/helm-charts/
  version: 1.1.0
digest: sha256:1eb53999d4d102849fd5599ce4d78627a2e1405c2226b8bd5ec1f781436aa220
generated: "2021-03-31T21:50:26.349679125+02:00"
