dependencies:
- name: argo-cd
  repository: https://argoproj.github.io/argo-helm
  version: 1.7.3
- name: redis-ha
  repository: https://kubernetes-charts.storage.googleapis.com
  version: 3.3.1
digest: sha256:8bcefd438f02d03ce12c76abb4bcb4a7ab1cf5005c3d4bbd099ca468733490e2
generated: "2020-02-06T21:26:42.464540196Z"
